
Microsoft Visual Studio Solution File, Format Version 12.00
# Visual Studio 15
VisualStudioVersion = 15.0.28307.1082
MinimumVisualStudioVersion = 10.0.40219.1
Project("{FAE04EC0-301F-11D3-BF4B-00C04F79EFBC}") = "WindowsService1", "WindowsService1\WindowsService1.csproj", "{2277D202-8369-415C-AAD6-B020D2D9162E}"
EndProject
Project("{FAE04EC0-301F-11D3-BF4B-00C04F79EFBC}") = "TaxCalculation", "ConsoleApp1\TaxCalculation.csproj", "{2CD1340A-972E-48A0-8B95-AF82B912355B}"
EndProject
Global
	GlobalSection(SolutionConfigurationPlatforms) = preSolution
		Debug|Any CPU = Debug|Any CPU
		Release|Any CPU = Release|Any CPU
	EndGlobalSection
	GlobalSection(ProjectConfigurationPlatforms) = postSolution
		{2277D202-8369-415C-AAD6-B020D2D9162E}.Debug|Any CPU.ActiveCfg = Debug|Any CPU
		{2277D202-8369-415C-AAD6-B020D2D9162E}.Debug|Any CPU.Build.0 = Debug|Any CPU
		{2277D202-8369-415C-AAD6-B020D2D9162E}.Release|Any CPU.ActiveCfg = Release|Any CPU
		{2277D202-8369-415C-AAD6-B020D2D9162E}.Release|Any CPU.Build.0 = Release|Any CPU
		{2CD1340A-972E-48A0-8B95-AF82B912355B}.Debug|Any CPU.ActiveCfg = Debug|Any CPU
		{2CD1340A-972E-48A0-8B95-AF82B912355B}.Debug|Any CPU.Build.0 = Debug|Any CPU
		{2CD1340A-972E-48A0-8B95-AF82B912355B}.Release|Any CPU.ActiveCfg = Release|Any CPU
		{2CD1340A-972E-48A0-8B95-AF82B912355B}.Release|Any CPU.Build.0 = Release|Any CPU
	EndGlobalSection
	GlobalSection(SolutionProperties) = preSolution
		HideSolutionNode = FALSE
	EndGlobalSection
	GlobalSection(ExtensibilityGlobals) = postSolution
		SolutionGuid = {80E840C7-21FC-4D58-88F6-0698D1A17324}
	EndGlobalSection
EndGlobal
